
Microsoft Visual Studio Solution File, Format Version 12.00
# Visual Studio 2013
VisualStudioVersion = 12.0.30110.0
MinimumVisualStudioVersion = 10.0.40219.1
Project("{2150E333-8FDC-42A3-9474-1A3956D46DE8}") = ".nuget", ".nuget", "{94D62A5E-755F-4414-8640-F21060E8C3C8}"
	ProjectSection(SolutionItems) = preProject
		.nuget\NuGet.Config = .nuget\NuGet.Config
		.nuget\NuGet.exe = .nuget\NuGet.exe
		.nuget\NuGet.targets = .nuget\NuGet.targets
	EndProjectSection
EndProject
Project("{FAE04EC0-301F-11D3-BF4B-00C04F79EFBC}") = "Logging", "Logging\Logging.csproj", "{D12928E2-36A3-4788-A205-E5FCAAF6749E}"
EndProject
Project("{FAE04EC0-301F-11D3-BF4B-00C04F79EFBC}") = "Logging.Test", "Logging.Test\Logging.Test.csproj", "{A8AA45FC-D1AC-40EF-8D7D-F58DFD1F8922}"
EndProject
Project("{FAE04EC0-301F-11D3-BF4B-00C04F79EFBC}") = "Logging.Owin", "Logging.Owin\Logging.Owin.csproj", "{C68AE8D9-439F-4ED6-97BF-0BCF3212E404}"
EndProject
Project("{FAE04EC0-301F-11D3-BF4B-00C04F79EFBC}") = "LogConsumer", "LogConsumer\LogConsumer.csproj", "{A9762F93-9238-4887-8D8B-C02ECB9E9025}"
EndProject
Project("{FAE04EC0-301F-11D3-BF4B-00C04F79EFBC}") = "Logging.EntityFramework", "Logging.EntityFramework\Logging.EntityFramework.csproj", "{7702B25E-0EFF-4779-ABEC-D3A20D660C2B}"
EndProject
Project("{FAE04EC0-301F-11D3-BF4B-00C04F79EFBC}") = "Logging.Mongo", "Logging.Mongo\Logging.Mongo.csproj", "{E9766F7A-5FA2-46AF-BD9C-FDAEC68E7D21}"
EndProject
Project("{2150E333-8FDC-42A3-9474-1A3956D46DE8}") = "CustomLoggers", "CustomLoggers", "{60E49662-A33F-4C01-B43A-C2367F317400}"
EndProject
Project("{FAE04EC0-301F-11D3-BF4B-00C04F79EFBC}") = "Logging.Http", "Logging.Http\Logging.Http.csproj", "{030C9DAF-CB12-4E31-BE36-C13348C1F418}"
EndProject
Global
	GlobalSection(SolutionConfigurationPlatforms) = preSolution
		Debug|Any CPU = Debug|Any CPU
		Debug|Mixed Platforms = Debug|Mixed Platforms
		Debug|x86 = Debug|x86
		DebugApi|Any CPU = DebugApi|Any CPU
		DebugApi|Mixed Platforms = DebugApi|Mixed Platforms
		DebugApi|x86 = DebugApi|x86
		ProdApi|Any CPU = ProdApi|Any CPU
		ProdApi|Mixed Platforms = ProdApi|Mixed Platforms
		ProdApi|x86 = ProdApi|x86
		ProdView|Any CPU = ProdView|Any CPU
		ProdView|Mixed Platforms = ProdView|Mixed Platforms
		ProdView|x86 = ProdView|x86
		Release|Any CPU = Release|Any CPU
		Release|Mixed Platforms = Release|Mixed Platforms
		Release|x86 = Release|x86
	EndGlobalSection
	GlobalSection(ProjectConfigurationPlatforms) = postSolution
		{D12928E2-36A3-4788-A205-E5FCAAF6749E}.Debug|Any CPU.ActiveCfg = Debug|Any CPU
		{D12928E2-36A3-4788-A205-E5FCAAF6749E}.Debug|Any CPU.Build.0 = Debug|Any CPU
		{D12928E2-36A3-4788-A205-E5FCAAF6749E}.Debug|Mixed Platforms.ActiveCfg = Debug|Any CPU
		{D12928E2-36A3-4788-A205-E5FCAAF6749E}.Debug|Mixed Platforms.Build.0 = Debug|Any CPU
		{D12928E2-36A3-4788-A205-E5FCAAF6749E}.Debug|x86.ActiveCfg = Debug|Any CPU
		{D12928E2-36A3-4788-A205-E5FCAAF6749E}.DebugApi|Any CPU.ActiveCfg = DebugApi|Any CPU
		{D12928E2-36A3-4788-A205-E5FCAAF6749E}.DebugApi|Any CPU.Build.0 = DebugApi|Any CPU
		{D12928E2-36A3-4788-A205-E5FCAAF6749E}.DebugApi|Mixed Platforms.ActiveCfg = DebugApi|Any CPU
		{D12928E2-36A3-4788-A205-E5FCAAF6749E}.DebugApi|Mixed Platforms.Build.0 = DebugApi|Any CPU
		{D12928E2-36A3-4788-A205-E5FCAAF6749E}.DebugApi|x86.ActiveCfg = DebugApi|Any CPU
		{D12928E2-36A3-4788-A205-E5FCAAF6749E}.ProdApi|Any CPU.ActiveCfg = ProdApi|Any CPU
		{D12928E2-36A3-4788-A205-E5FCAAF6749E}.ProdApi|Any CPU.Build.0 = ProdApi|Any CPU
		{D12928E2-36A3-4788-A205-E5FCAAF6749E}.ProdApi|Mixed Platforms.ActiveCfg = ProdApi|Any CPU
		{D12928E2-36A3-4788-A205-E5FCAAF6749E}.ProdApi|Mixed Platforms.Build.0 = ProdApi|Any CPU
		{D12928E2-36A3-4788-A205-E5FCAAF6749E}.ProdApi|x86.ActiveCfg = ProdApi|Any CPU
		{D12928E2-36A3-4788-A205-E5FCAAF6749E}.ProdView|Any CPU.ActiveCfg = ProdView|Any CPU
		{D12928E2-36A3-4788-A205-E5FCAAF6749E}.ProdView|Any CPU.Build.0 = ProdView|Any CPU
		{D12928E2-36A3-4788-A205-E5FCAAF6749E}.ProdView|Mixed Platforms.ActiveCfg = ProdView|Any CPU
		{D12928E2-36A3-4788-A205-E5FCAAF6749E}.ProdView|Mixed Platforms.Build.0 = ProdView|Any CPU
		{D12928E2-36A3-4788-A205-E5FCAAF6749E}.ProdView|x86.ActiveCfg = ProdView|Any CPU
		{D12928E2-36A3-4788-A205-E5FCAAF6749E}.Release|Any CPU.ActiveCfg = Release|Any CPU
		{D12928E2-36A3-4788-A205-E5FCAAF6749E}.Release|Any CPU.Build.0 = Release|Any CPU
		{D12928E2-36A3-4788-A205-E5FCAAF6749E}.Release|Mixed Platforms.ActiveCfg = Release|Any CPU
		{D12928E2-36A3-4788-A205-E5FCAAF6749E}.Release|Mixed Platforms.Build.0 = Release|Any CPU
		{D12928E2-36A3-4788-A205-E5FCAAF6749E}.Release|x86.ActiveCfg = Release|Any CPU
		{A8AA45FC-D1AC-40EF-8D7D-F58DFD1F8922}.Debug|Any CPU.ActiveCfg = Debug|Any CPU
		{A8AA45FC-D1AC-40EF-8D7D-F58DFD1F8922}.Debug|Any CPU.Build.0 = Debug|Any CPU
		{A8AA45FC-D1AC-40EF-8D7D-F58DFD1F8922}.Debug|Mixed Platforms.ActiveCfg = Debug|Any CPU
		{A8AA45FC-D1AC-40EF-8D7D-F58DFD1F8922}.Debug|Mixed Platforms.Build.0 = Debug|Any CPU
		{A8AA45FC-D1AC-40EF-8D7D-F58DFD1F8922}.Debug|x86.ActiveCfg = Debug|Any CPU
		{A8AA45FC-D1AC-40EF-8D7D-F58DFD1F8922}.DebugApi|Any CPU.ActiveCfg = DebugApi|Any CPU
		{A8AA45FC-D1AC-40EF-8D7D-F58DFD1F8922}.DebugApi|Any CPU.Build.0 = DebugApi|Any CPU
		{A8AA45FC-D1AC-40EF-8D7D-F58DFD1F8922}.DebugApi|Mixed Platforms.ActiveCfg = DebugApi|Any CPU
		{A8AA45FC-D1AC-40EF-8D7D-F58DFD1F8922}.DebugApi|Mixed Platforms.Build.0 = DebugApi|Any CPU
		{A8AA45FC-D1AC-40EF-8D7D-F58DFD1F8922}.DebugApi|x86.ActiveCfg = DebugApi|Any CPU
		{A8AA45FC-D1AC-40EF-8D7D-F58DFD1F8922}.ProdApi|Any CPU.ActiveCfg = ProdApi|Any CPU
		{A8AA45FC-D1AC-40EF-8D7D-F58DFD1F8922}.ProdApi|Any CPU.Build.0 = ProdApi|Any CPU
		{A8AA45FC-D1AC-40EF-8D7D-F58DFD1F8922}.ProdApi|Mixed Platforms.ActiveCfg = ProdApi|Any CPU
		{A8AA45FC-D1AC-40EF-8D7D-F58DFD1F8922}.ProdApi|Mixed Platforms.Build.0 = ProdApi|Any CPU
		{A8AA45FC-D1AC-40EF-8D7D-F58DFD1F8922}.ProdApi|x86.ActiveCfg = ProdApi|Any CPU
		{A8AA45FC-D1AC-40EF-8D7D-F58DFD1F8922}.ProdView|Any CPU.ActiveCfg = ProdView|Any CPU
		{A8AA45FC-D1AC-40EF-8D7D-F58DFD1F8922}.ProdView|Any CPU.Build.0 = ProdView|Any CPU
		{A8AA45FC-D1AC-40EF-8D7D-F58DFD1F8922}.ProdView|Mixed Platforms.ActiveCfg = ProdView|Any CPU
		{A8AA45FC-D1AC-40EF-8D7D-F58DFD1F8922}.ProdView|Mixed Platforms.Build.0 = ProdView|Any CPU
		{A8AA45FC-D1AC-40EF-8D7D-F58DFD1F8922}.ProdView|x86.ActiveCfg = ProdView|Any CPU
		{A8AA45FC-D1AC-40EF-8D7D-F58DFD1F8922}.Release|Any CPU.ActiveCfg = Release|Any CPU
		{A8AA45FC-D1AC-40EF-8D7D-F58DFD1F8922}.Release|Any CPU.Build.0 = Release|Any CPU
		{A8AA45FC-D1AC-40EF-8D7D-F58DFD1F8922}.Release|Mixed Platforms.ActiveCfg = Release|Any CPU
		{A8AA45FC-D1AC-40EF-8D7D-F58DFD1F8922}.Release|Mixed Platforms.Build.0 = Release|Any CPU
		{A8AA45FC-D1AC-40EF-8D7D-F58DFD1F8922}.Release|x86.ActiveCfg = Release|Any CPU
		{C68AE8D9-439F-4ED6-97BF-0BCF3212E404}.Debug|Any CPU.ActiveCfg = Debug|Any CPU
		{C68AE8D9-439F-4ED6-97BF-0BCF3212E404}.Debug|Any CPU.Build.0 = Debug|Any CPU
		{C68AE8D9-439F-4ED6-97BF-0BCF3212E404}.Debug|Mixed Platforms.ActiveCfg = Debug|Any CPU
		{C68AE8D9-439F-4ED6-97BF-0BCF3212E404}.Debug|Mixed Platforms.Build.0 = Debug|Any CPU
		{C68AE8D9-439F-4ED6-97BF-0BCF3212E404}.Debug|x86.ActiveCfg = Debug|Any CPU
		{C68AE8D9-439F-4ED6-97BF-0BCF3212E404}.DebugApi|Any CPU.ActiveCfg = Debug|Any CPU
		{C68AE8D9-439F-4ED6-97BF-0BCF3212E404}.DebugApi|Any CPU.Build.0 = Debug|Any CPU
		{C68AE8D9-439F-4ED6-97BF-0BCF3212E404}.DebugApi|Mixed Platforms.ActiveCfg = Debug|Any CPU
		{C68AE8D9-439F-4ED6-97BF-0BCF3212E404}.DebugApi|Mixed Platforms.Build.0 = Debug|Any CPU
		{C68AE8D9-439F-4ED6-97BF-0BCF3212E404}.DebugApi|x86.ActiveCfg = Debug|Any CPU
		{C68AE8D9-439F-4ED6-97BF-0BCF3212E404}.ProdApi|Any CPU.ActiveCfg = Release|Any CPU
		{C68AE8D9-439F-4ED6-97BF-0BCF3212E404}.ProdApi|Any CPU.Build.0 = Release|Any CPU
		{C68AE8D9-439F-4ED6-97BF-0BCF3212E404}.ProdApi|Mixed Platforms.ActiveCfg = Release|Any CPU
		{C68AE8D9-439F-4ED6-97BF-0BCF3212E404}.ProdApi|Mixed Platforms.Build.0 = Release|Any CPU
		{C68AE8D9-439F-4ED6-97BF-0BCF3212E404}.ProdApi|x86.ActiveCfg = Release|Any CPU
		{C68AE8D9-439F-4ED6-97BF-0BCF3212E404}.ProdView|Any CPU.ActiveCfg = Release|Any CPU
		{C68AE8D9-439F-4ED6-97BF-0BCF3212E404}.ProdView|Any CPU.Build.0 = Release|Any CPU
		{C68AE8D9-439F-4ED6-97BF-0BCF3212E404}.ProdView|Mixed Platforms.ActiveCfg = Release|Any CPU
		{C68AE8D9-439F-4ED6-97BF-0BCF3212E404}.ProdView|Mixed Platforms.Build.0 = Release|Any CPU
		{C68AE8D9-439F-4ED6-97BF-0BCF3212E404}.ProdView|x86.ActiveCfg = Release|Any CPU
		{C68AE8D9-439F-4ED6-97BF-0BCF3212E404}.Release|Any CPU.ActiveCfg = Release|Any CPU
		{C68AE8D9-439F-4ED6-97BF-0BCF3212E404}.Release|Any CPU.Build.0 = Release|Any CPU
		{C68AE8D9-439F-4ED6-97BF-0BCF3212E404}.Release|Mixed Platforms.ActiveCfg = Release|Any CPU
		{C68AE8D9-439F-4ED6-97BF-0BCF3212E404}.Release|Mixed Platforms.Build.0 = Release|Any CPU
		{C68AE8D9-439F-4ED6-97BF-0BCF3212E404}.Release|x86.ActiveCfg = Release|Any CPU
		{A9762F93-9238-4887-8D8B-C02ECB9E9025}.Debug|Any CPU.ActiveCfg = Debug|x86
		{A9762F93-9238-4887-8D8B-C02ECB9E9025}.Debug|Mixed Platforms.ActiveCfg = Debug|x86
		{A9762F93-9238-4887-8D8B-C02ECB9E9025}.Debug|Mixed Platforms.Build.0 = Debug|x86
		{A9762F93-9238-4887-8D8B-C02ECB9E9025}.Debug|x86.ActiveCfg = Debug|x86
		{A9762F93-9238-4887-8D8B-C02ECB9E9025}.Debug|x86.Build.0 = Debug|x86
		{A9762F93-9238-4887-8D8B-C02ECB9E9025}.DebugApi|Any CPU.ActiveCfg = DebugApi|x86
		{A9762F93-9238-4887-8D8B-C02ECB9E9025}.DebugApi|Mixed Platforms.ActiveCfg = DebugApi|x86
		{A9762F93-9238-4887-8D8B-C02ECB9E9025}.DebugApi|Mixed Platforms.Build.0 = DebugApi|x86
		{A9762F93-9238-4887-8D8B-C02ECB9E9025}.DebugApi|x86.ActiveCfg = DebugApi|x86
		{A9762F93-9238-4887-8D8B-C02ECB9E9025}.DebugApi|x86.Build.0 = DebugApi|x86
		{A9762F93-9238-4887-8D8B-C02ECB9E9025}.ProdApi|Any CPU.ActiveCfg = ProdApi|x86
		{A9762F93-9238-4887-8D8B-C02ECB9E9025}.ProdApi|Mixed Platforms.ActiveCfg = ProdApi|x86
		{A9762F93-9238-4887-8D8B-C02ECB9E9025}.ProdApi|Mixed Platforms.Build.0 = ProdApi|x86
		{A9762F93-9238-4887-8D8B-C02ECB9E9025}.ProdApi|x86.ActiveCfg = ProdApi|x86
		{A9762F93-9238-4887-8D8B-C02ECB9E9025}.ProdApi|x86.Build.0 = ProdApi|x86
		{A9762F93-9238-4887-8D8B-C02ECB9E9025}.ProdView|Any CPU.ActiveCfg = ProdView|x86
		{A9762F93-9238-4887-8D8B-C02ECB9E9025}.ProdView|Mixed Platforms.ActiveCfg = ProdView|x86
		{A9762F93-9238-4887-8D8B-C02ECB9E9025}.ProdView|Mixed Platforms.Build.0 = ProdView|x86
		{A9762F93-9238-4887-8D8B-C02ECB9E9025}.ProdView|x86.ActiveCfg = ProdView|x86
		{A9762F93-9238-4887-8D8B-C02ECB9E9025}.ProdView|x86.Build.0 = ProdView|x86
		{A9762F93-9238-4887-8D8B-C02ECB9E9025}.Release|Any CPU.ActiveCfg = Release|x86
		{A9762F93-9238-4887-8D8B-C02ECB9E9025}.Release|Mixed Platforms.ActiveCfg = Release|x86
		{A9762F93-9238-4887-8D8B-C02ECB9E9025}.Release|Mixed Platforms.Build.0 = Release|x86
		{A9762F93-9238-4887-8D8B-C02ECB9E9025}.Release|x86.ActiveCfg = Release|x86
		{A9762F93-9238-4887-8D8B-C02ECB9E9025}.Release|x86.Build.0 = Release|x86
		{7702B25E-0EFF-4779-ABEC-D3A20D660C2B}.Debug|Any CPU.ActiveCfg = Debug|Any CPU
		{7702B25E-0EFF-4779-ABEC-D3A20D660C2B}.Debug|Any CPU.Build.0 = Debug|Any CPU
		{7702B25E-0EFF-4779-ABEC-D3A20D660C2B}.Debug|Mixed Platforms.ActiveCfg = Debug|Any CPU
		{7702B25E-0EFF-4779-ABEC-D3A20D660C2B}.Debug|Mixed Platforms.Build.0 = Debug|Any CPU
		{7702B25E-0EFF-4779-ABEC-D3A20D660C2B}.Debug|x86.ActiveCfg = Debug|Any CPU
		{7702B25E-0EFF-4779-ABEC-D3A20D660C2B}.DebugApi|Any CPU.ActiveCfg = Debug|Any CPU
		{7702B25E-0EFF-4779-ABEC-D3A20D660C2B}.DebugApi|Any CPU.Build.0 = Debug|Any CPU
		{7702B25E-0EFF-4779-ABEC-D3A20D660C2B}.DebugApi|Mixed Platforms.ActiveCfg = Debug|Any CPU
		{7702B25E-0EFF-4779-ABEC-D3A20D660C2B}.DebugApi|Mixed Platforms.Build.0 = Debug|Any CPU
		{7702B25E-0EFF-4779-ABEC-D3A20D660C2B}.DebugApi|x86.ActiveCfg = Debug|Any CPU
		{7702B25E-0EFF-4779-ABEC-D3A20D660C2B}.ProdApi|Any CPU.ActiveCfg = Release|Any CPU
		{7702B25E-0EFF-4779-ABEC-D3A20D660C2B}.ProdApi|Any CPU.Build.0 = Release|Any CPU
		{7702B25E-0EFF-4779-ABEC-D3A20D660C2B}.ProdApi|Mixed Platforms.ActiveCfg = Release|Any CPU
		{7702B25E-0EFF-4779-ABEC-D3A20D660C2B}.ProdApi|Mixed Platforms.Build.0 = Release|Any CPU
		{7702B25E-0EFF-4779-ABEC-D3A20D660C2B}.ProdApi|x86.ActiveCfg = Release|Any CPU
		{7702B25E-0EFF-4779-ABEC-D3A20D660C2B}.ProdView|Any CPU.ActiveCfg = Release|Any CPU
		{7702B25E-0EFF-4779-ABEC-D3A20D660C2B}.ProdView|Any CPU.Build.0 = Release|Any CPU
		{7702B25E-0EFF-4779-ABEC-D3A20D660C2B}.ProdView|Mixed Platforms.ActiveCfg = Release|Any CPU
		{7702B25E-0EFF-4779-ABEC-D3A20D660C2B}.ProdView|Mixed Platforms.Build.0 = Release|Any CPU
		{7702B25E-0EFF-4779-ABEC-D3A20D660C2B}.ProdView|x86.ActiveCfg = Release|Any CPU
		{7702B25E-0EFF-4779-ABEC-D3A20D660C2B}.Release|Any CPU.ActiveCfg = Release|Any CPU
		{7702B25E-0EFF-4779-ABEC-D3A20D660C2B}.Release|Any CPU.Build.0 = Release|Any CPU
		{7702B25E-0EFF-4779-ABEC-D3A20D660C2B}.Release|Mixed Platforms.ActiveCfg = Release|Any CPU
		{7702B25E-0EFF-4779-ABEC-D3A20D660C2B}.Release|Mixed Platforms.Build.0 = Release|Any CPU
		{7702B25E-0EFF-4779-ABEC-D3A20D660C2B}.Release|x86.ActiveCfg = Release|Any CPU
		{E9766F7A-5FA2-46AF-BD9C-FDAEC68E7D21}.Debug|Any CPU.ActiveCfg = Debug|Any CPU
		{E9766F7A-5FA2-46AF-BD9C-FDAEC68E7D21}.Debug|Any CPU.Build.0 = Debug|Any CPU
		{E9766F7A-5FA2-46AF-BD9C-FDAEC68E7D21}.Debug|Mixed Platforms.ActiveCfg = Debug|Any CPU
		{E9766F7A-5FA2-46AF-BD9C-FDAEC68E7D21}.Debug|Mixed Platforms.Build.0 = Debug|Any CPU
		{E9766F7A-5FA2-46AF-BD9C-FDAEC68E7D21}.Debug|x86.ActiveCfg = Debug|Any CPU
		{E9766F7A-5FA2-46AF-BD9C-FDAEC68E7D21}.DebugApi|Any CPU.ActiveCfg = DebugApi|Any CPU
		{E9766F7A-5FA2-46AF-BD9C-FDAEC68E7D21}.DebugApi|Any CPU.Build.0 = DebugApi|Any CPU
		{E9766F7A-5FA2-46AF-BD9C-FDAEC68E7D21}.DebugApi|Mixed Platforms.ActiveCfg = DebugApi|Any CPU
		{E9766F7A-5FA2-46AF-BD9C-FDAEC68E7D21}.DebugApi|Mixed Platforms.Build.0 = DebugApi|Any CPU
		{E9766F7A-5FA2-46AF-BD9C-FDAEC68E7D21}.DebugApi|x86.ActiveCfg = DebugApi|Any CPU
		{E9766F7A-5FA2-46AF-BD9C-FDAEC68E7D21}.ProdApi|Any CPU.ActiveCfg = ProdApi|Any CPU
		{E9766F7A-5FA2-46AF-BD9C-FDAEC68E7D21}.ProdApi|Any CPU.Build.0 = ProdApi|Any CPU
		{E9766F7A-5FA2-46AF-BD9C-FDAEC68E7D21}.ProdApi|Mixed Platforms.ActiveCfg = ProdApi|Any CPU
		{E9766F7A-5FA2-46AF-BD9C-FDAEC68E7D21}.ProdApi|Mixed Platforms.Build.0 = ProdApi|Any CPU
		{E9766F7A-5FA2-46AF-BD9C-FDAEC68E7D21}.ProdApi|x86.ActiveCfg = ProdApi|Any CPU
		{E9766F7A-5FA2-46AF-BD9C-FDAEC68E7D21}.ProdView|Any CPU.ActiveCfg = ProdView|Any CPU
		{E9766F7A-5FA2-46AF-BD9C-FDAEC68E7D21}.ProdView|Any CPU.Build.0 = ProdView|Any CPU
		{E9766F7A-5FA2-46AF-BD9C-FDAEC68E7D21}.ProdView|Mixed Platforms.ActiveCfg = ProdView|Any CPU
		{E9766F7A-5FA2-46AF-BD9C-FDAEC68E7D21}.ProdView|Mixed Platforms.Build.0 = ProdView|Any CPU
		{E9766F7A-5FA2-46AF-BD9C-FDAEC68E7D21}.ProdView|x86.ActiveCfg = ProdView|Any CPU
		{E9766F7A-5FA2-46AF-BD9C-FDAEC68E7D21}.Release|Any CPU.ActiveCfg = Release|Any CPU
		{E9766F7A-5FA2-46AF-BD9C-FDAEC68E7D21}.Release|Any CPU.Build.0 = Release|Any CPU
		{E9766F7A-5FA2-46AF-BD9C-FDAEC68E7D21}.Release|Mixed Platforms.ActiveCfg = Release|Any CPU
		{E9766F7A-5FA2-46AF-BD9C-FDAEC68E7D21}.Release|Mixed Platforms.Build.0 = Release|Any CPU
		{E9766F7A-5FA2-46AF-BD9C-FDAEC68E7D21}.Release|x86.ActiveCfg = Release|Any CPU
		{030C9DAF-CB12-4E31-BE36-C13348C1F418}.Debug|Any CPU.ActiveCfg = Debug|Any CPU
		{030C9DAF-CB12-4E31-BE36-C13348C1F418}.Debug|Any CPU.Build.0 = Debug|Any CPU
		{030C9DAF-CB12-4E31-BE36-C13348C1F418}.Debug|Mixed Platforms.ActiveCfg = Debug|Any CPU
		{030C9DAF-CB12-4E31-BE36-C13348C1F418}.Debug|Mixed Platforms.Build.0 = Debug|Any CPU
		{030C9DAF-CB12-4E31-BE36-C13348C1F418}.Debug|x86.ActiveCfg = Debug|Any CPU
		{030C9DAF-CB12-4E31-BE36-C13348C1F418}.DebugApi|Any CPU.ActiveCfg = Debug|Any CPU
		{030C9DAF-CB12-4E31-BE36-C13348C1F418}.DebugApi|Any CPU.Build.0 = Debug|Any CPU
		{030C9DAF-CB12-4E31-BE36-C13348C1F418}.DebugApi|Mixed Platforms.ActiveCfg = Debug|Any CPU
		{030C9DAF-CB12-4E31-BE36-C13348C1F418}.DebugApi|Mixed Platforms.Build.0 = Debug|Any CPU
		{030C9DAF-CB12-4E31-BE36-C13348C1F418}.DebugApi|x86.ActiveCfg = Debug|Any CPU
		{030C9DAF-CB12-4E31-BE36-C13348C1F418}.ProdApi|Any CPU.ActiveCfg = Release|Any CPU
		{030C9DAF-CB12-4E31-BE36-C13348C1F418}.ProdApi|Any CPU.Build.0 = Release|Any CPU
		{030C9DAF-CB12-4E31-BE36-C13348C1F418}.ProdApi|Mixed Platforms.ActiveCfg = Release|Any CPU
		{030C9DAF-CB12-4E31-BE36-C13348C1F418}.ProdApi|Mixed Platforms.Build.0 = Release|Any CPU
		{030C9DAF-CB12-4E31-BE36-C13348C1F418}.ProdApi|x86.ActiveCfg = Release|Any CPU
		{030C9DAF-CB12-4E31-BE36-C13348C1F418}.ProdView|Any CPU.ActiveCfg = Release|Any CPU
		{030C9DAF-CB12-4E31-BE36-C13348C1F418}.ProdView|Any CPU.Build.0 = Release|Any CPU
		{030C9DAF-CB12-4E31-BE36-C13348C1F418}.ProdView|Mixed Platforms.ActiveCfg = Release|Any CPU
		{030C9DAF-CB12-4E31-BE36-C13348C1F418}.ProdView|Mixed Platforms.Build.0 = Release|Any CPU
		{030C9DAF-CB12-4E31-BE36-C13348C1F418}.ProdView|x86.ActiveCfg = Release|Any CPU
		{030C9DAF-CB12-4E31-BE36-C13348C1F418}.Release|Any CPU.ActiveCfg = Release|Any CPU
		{030C9DAF-CB12-4E31-BE36-C13348C1F418}.Release|Any CPU.Build.0 = Release|Any CPU
		{030C9DAF-CB12-4E31-BE36-C13348C1F418}.Release|Mixed Platforms.ActiveCfg = Release|Any CPU
		{030C9DAF-CB12-4E31-BE36-C13348C1F418}.Release|Mixed Platforms.Build.0 = Release|Any CPU
		{030C9DAF-CB12-4E31-BE36-C13348C1F418}.Release|x86.ActiveCfg = Release|Any CPU
	EndGlobalSection
	GlobalSection(SolutionProperties) = preSolution
		HideSolutionNode = FALSE
	EndGlobalSection
	GlobalSection(NestedProjects) = preSolution
		{7702B25E-0EFF-4779-ABEC-D3A20D660C2B} = {60E49662-A33F-4C01-B43A-C2367F317400}
		{E9766F7A-5FA2-46AF-BD9C-FDAEC68E7D21} = {60E49662-A33F-4C01-B43A-C2367F317400}
		{C68AE8D9-439F-4ED6-97BF-0BCF3212E404} = {60E49662-A33F-4C01-B43A-C2367F317400}
		{030C9DAF-CB12-4E31-BE36-C13348C1F418} = {60E49662-A33F-4C01-B43A-C2367F317400}
	EndGlobalSection
	GlobalSection(TestCaseManagementSettings) = postSolution
		CategoryFile = Takenet.Library.Logging.vsmdi
	EndGlobalSection
EndGlobal
